
Microsoft Visual Studio Solution File, Format Version 12.00
# Visual Studio 15
VisualStudioVersion = 15.0.27703.2047
MinimumVisualStudioVersion = 10.0.40219.1
Project("{FAE04EC0-301F-11D3-BF4B-00C04F79EFBC}") = "Minesweeper", "Minesweeper\Minesweeper.csproj", "{31D396CA-1297-4FF9-BE25-6F95D4B7D0C9}"
EndProject
Project("{FAE04EC0-301F-11D3-BF4B-00C04F79EFBC}") = "Minesweeper.Tests", "Minesweeper.Tests\Minesweeper.Tests.csproj", "{DD5DDE7F-C61E-4C99-B535-B8A79C058791}"
EndProject
Project("{FAE04EC0-301F-11D3-BF4B-00C04F79EFBC}") = "RunMineSweeper", "RunMineSweeper\RunMineSweeper.csproj", "{2B15E002-24F2-402C-A3ED-F452C687E7D4}"
EndProject
Global
	GlobalSection(SolutionConfigurationPlatforms) = preSolution
		Debug|Any CPU = Debug|Any CPU
		Release|Any CPU = Release|Any CPU
	EndGlobalSection
	GlobalSection(ProjectConfigurationPlatforms) = postSolution
		{31D396CA-1297-4FF9-BE25-6F95D4B7D0C9}.Debug|Any CPU.ActiveCfg = Debug|Any CPU
		{31D396CA-1297-4FF9-BE25-6F95D4B7D0C9}.Debug|Any CPU.Build.0 = Debug|Any CPU
		{31D396CA-1297-4FF9-BE25-6F95D4B7D0C9}.Release|Any CPU.ActiveCfg = Release|Any CPU
		{31D396CA-1297-4FF9-BE25-6F95D4B7D0C9}.Release|Any CPU.Build.0 = Release|Any CPU
		{DD5DDE7F-C61E-4C99-B535-B8A79C058791}.Debug|Any CPU.ActiveCfg = Debug|Any CPU
		{DD5DDE7F-C61E-4C99-B535-B8A79C058791}.Debug|Any CPU.Build.0 = Debug|Any CPU
		{DD5DDE7F-C61E-4C99-B535-B8A79C058791}.Release|Any CPU.ActiveCfg = Release|Any CPU
		{DD5DDE7F-C61E-4C99-B535-B8A79C058791}.Release|Any CPU.Build.0 = Release|Any CPU
		{2B15E002-24F2-402C-A3ED-F452C687E7D4}.Debug|Any CPU.ActiveCfg = Debug|Any CPU
		{2B15E002-24F2-402C-A3ED-F452C687E7D4}.Debug|Any CPU.Build.0 = Debug|Any CPU
		{2B15E002-24F2-402C-A3ED-F452C687E7D4}.Release|Any CPU.ActiveCfg = Release|Any CPU
		{2B15E002-24F2-402C-A3ED-F452C687E7D4}.Release|Any CPU.Build.0 = Release|Any CPU
	EndGlobalSection
	GlobalSection(SolutionProperties) = preSolution
		HideSolutionNode = FALSE
	EndGlobalSection
	GlobalSection(ExtensibilityGlobals) = postSolution
		SolutionGuid = {39777E45-28DE-41A8-AA52-105D63922B50}
	EndGlobalSection
EndGlobal
